
Microsoft Visual Studio Solution File, Format Version 12.00
# Visual Studio Version 17
VisualStudioVersion = 17.9.34701.34
MinimumVisualStudioVersion = 10.0.40219.1
Project("{FAE04EC0-301F-11D3-BF4B-00C04F79EFBC}") = "MD_XAML", "MD_XAML\MD_XAML.csproj", "{08F789A4-9536-4F8E-8213-79356BA3C9E9}"
EndProject
Global
	GlobalSection(SolutionConfigurationPlatforms) = preSolution
		Debug|Any CPU = Debug|Any CPU
		Release|Any CPU = Release|Any CPU
	EndGlobalSection
	GlobalSection(ProjectConfigurationPlatforms) = postSolution
		{08F789A4-9536-4F8E-8213-79356BA3C9E9}.Debug|Any CPU.ActiveCfg = Debug|Any CPU
		{08F789A4-9536-4F8E-8213-79356BA3C9E9}.Debug|Any CPU.Build.0 = Debug|Any CPU
		{08F789A4-9536-4F8E-8213-79356BA3C9E9}.Release|Any CPU.ActiveCfg = Release|Any CPU
		{08F789A4-9536-4F8E-8213-79356BA3C9E9}.Release|Any CPU.Build.0 = Release|Any CPU
	EndGlobalSection
	GlobalSection(SolutionProperties) = preSolution
		HideSolutionNode = FALSE
	EndGlobalSection
	GlobalSection(ExtensibilityGlobals) = postSolution
		SolutionGuid = {987A289B-8342-49EF-86B6-43445DDA4C66}
	EndGlobalSection
EndGlobal
